
Microsoft Visual Studio Solution File, Format Version 12.00
# Visual Studio Version 16
VisualStudioVersion = 16.0.30711.63
MinimumVisualStudioVersion = 10.0.40219.1
Project("{FAE04EC0-301F-11D3-BF4B-00C04F79EFBC}") = "test_DB", "test_DB\test_DB.csproj", "{FD14EEFC-60E9-4799-BB96-A23D2B6812C6}"
EndProject
Global
	GlobalSection(SolutionConfigurationPlatforms) = preSolution
		Debug|Any CPU = Debug|Any CPU
		Release|Any CPU = Release|Any CPU
	EndGlobalSection
	GlobalSection(ProjectConfigurationPlatforms) = postSolution
		{FD14EEFC-60E9-4799-BB96-A23D2B6812C6}.Debug|Any CPU.ActiveCfg = Debug|Any CPU
		{FD14EEFC-60E9-4799-BB96-A23D2B6812C6}.Debug|Any CPU.Build.0 = Debug|Any CPU
		{FD14EEFC-60E9-4799-BB96-A23D2B6812C6}.Release|Any CPU.ActiveCfg = Release|Any CPU
		{FD14EEFC-60E9-4799-BB96-A23D2B6812C6}.Release|Any CPU.Build.0 = Release|Any CPU
	EndGlobalSection
	GlobalSection(SolutionProperties) = preSolution
		HideSolutionNode = FALSE
	EndGlobalSection
	GlobalSection(ExtensibilityGlobals) = postSolution
		SolutionGuid = {8B9ECCFD-9195-4134-A3EF-091D6FE17008}
	EndGlobalSection
EndGlobal
